<Solution>
  <Configurations>
    <Platform Name="x64" />
  </Configurations>
  <Folder Name="/Source/">
    <Project Path="Source/Mithril.Logger.csproj">
      <Platform Project="x64" />
    </Project>
  </Folder>
  <Folder Name="/Tests/">
    <Project Path="Test/Mithril.Logger.Tests.csproj">
      <Platform Project="x64" />
    </Project>
  </Folder>
</Solution>